
Microsoft Visual Studio Solution File, Format Version 12.00
# Visual Studio 15
VisualStudioVersion = 15.0.28307.489
MinimumVisualStudioVersion = 10.0.40219.1
Project("{FAE04EC0-301F-11D3-BF4B-00C04F79EFBC}") = "Docker.Developer.Tools", "Docker.Developer.Tools\Docker.Developer.Tools.csproj", "{0B9CF2F3-DAF1-4477-85E0-F15F5E1CFFF7}"
EndProject
Project("{930C7802-8A8C-48F9-8165-68863BCCD9DD}") = "Docker.Developer.Tools.Setup", "Docker.Developer.Tools.Setup\Docker.Developer.Tools.Setup.wixproj", "{9AFE3537-BDB8-449E-B833-9A9C69234E12}"
EndProject
Project("{2150E333-8FDC-42A3-9474-1A3956D46DE8}") = "Solution items", "Solution items", "{246E0B42-8F2C-4D57-A288-B00AD3417D92}"
	ProjectSection(SolutionItems) = preProject
		LICENSE = LICENSE
		NuGet.config.example = NuGet.config.example
		README.md = README.md
	EndProjectSection
EndProject
Project("{2150E333-8FDC-42A3-9474-1A3956D46DE8}") = "Azure Pipeline", "Azure Pipeline", "{2E3F495C-77DC-42B4-851E-C406DC2135E3}"
	ProjectSection(SolutionItems) = preProject
		Azure Pipeline\latest.php = Azure Pipeline\latest.php
		Azure Pipeline\UpdateManifest.xml = Azure Pipeline\UpdateManifest.xml
	EndProjectSection
EndProject
Global
	GlobalSection(SolutionConfigurationPlatforms) = preSolution
		Debug|Any CPU = Debug|Any CPU
		Debug|x64 = Debug|x64
		Debug|x86 = Debug|x86
		Release|Any CPU = Release|Any CPU
		Release|x64 = Release|x64
		Release|x86 = Release|x86
	EndGlobalSection
	GlobalSection(ProjectConfigurationPlatforms) = postSolution
		{0B9CF2F3-DAF1-4477-85E0-F15F5E1CFFF7}.Debug|Any CPU.ActiveCfg = Debug|Any CPU
		{0B9CF2F3-DAF1-4477-85E0-F15F5E1CFFF7}.Debug|Any CPU.Build.0 = Debug|Any CPU
		{0B9CF2F3-DAF1-4477-85E0-F15F5E1CFFF7}.Debug|x64.ActiveCfg = Debug|Any CPU
		{0B9CF2F3-DAF1-4477-85E0-F15F5E1CFFF7}.Debug|x64.Build.0 = Debug|Any CPU
		{0B9CF2F3-DAF1-4477-85E0-F15F5E1CFFF7}.Debug|x86.ActiveCfg = Debug|Any CPU
		{0B9CF2F3-DAF1-4477-85E0-F15F5E1CFFF7}.Debug|x86.Build.0 = Debug|Any CPU
		{0B9CF2F3-DAF1-4477-85E0-F15F5E1CFFF7}.Release|Any CPU.ActiveCfg = Release|Any CPU
		{0B9CF2F3-DAF1-4477-85E0-F15F5E1CFFF7}.Release|Any CPU.Build.0 = Release|Any CPU
		{0B9CF2F3-DAF1-4477-85E0-F15F5E1CFFF7}.Release|x64.ActiveCfg = Release|Any CPU
		{0B9CF2F3-DAF1-4477-85E0-F15F5E1CFFF7}.Release|x64.Build.0 = Release|Any CPU
		{0B9CF2F3-DAF1-4477-85E0-F15F5E1CFFF7}.Release|x86.ActiveCfg = Release|Any CPU
		{0B9CF2F3-DAF1-4477-85E0-F15F5E1CFFF7}.Release|x86.Build.0 = Release|Any CPU
		{9AFE3537-BDB8-449E-B833-9A9C69234E12}.Debug|Any CPU.ActiveCfg = Debug|x86
		{9AFE3537-BDB8-449E-B833-9A9C69234E12}.Debug|x64.ActiveCfg = Debug|x64
		{9AFE3537-BDB8-449E-B833-9A9C69234E12}.Debug|x64.Build.0 = Debug|x64
		{9AFE3537-BDB8-449E-B833-9A9C69234E12}.Debug|x86.ActiveCfg = Debug|x86
		{9AFE3537-BDB8-449E-B833-9A9C69234E12}.Debug|x86.Build.0 = Debug|x86
		{9AFE3537-BDB8-449E-B833-9A9C69234E12}.Release|Any CPU.ActiveCfg = Release|x86
		{9AFE3537-BDB8-449E-B833-9A9C69234E12}.Release|x64.ActiveCfg = Release|x64
		{9AFE3537-BDB8-449E-B833-9A9C69234E12}.Release|x64.Build.0 = Release|x64
		{9AFE3537-BDB8-449E-B833-9A9C69234E12}.Release|x86.ActiveCfg = Release|x86
		{9AFE3537-BDB8-449E-B833-9A9C69234E12}.Release|x86.Build.0 = Release|x86
	EndGlobalSection
	GlobalSection(SolutionProperties) = preSolution
		HideSolutionNode = FALSE
	EndGlobalSection
	GlobalSection(ExtensibilityGlobals) = postSolution
		SolutionGuid = {E46C7F87-A45E-45A3-AAF2-A4C93EAB6F29}
	EndGlobalSection
EndGlobal
