
Microsoft Visual Studio Solution File, Format Version 12.00
# Visual Studio 15
VisualStudioVersion = 15.0.28307.489
MinimumVisualStudioVersion = 10.0.40219.1
Project("{FAE04EC0-301F-11D3-BF4B-00C04F79EFBC}") = "Docker.Developer.Tools", "Docker.Developer.Tools\Docker.Developer.Tools.csproj", "{0B9CF2F3-DAF1-4477-85E0-F15F5E1CFFF7}"
EndProject
Project("{930C7802-8A8C-48F9-8165-68863BCCD9DD}") = "Docker.Developer.Tools.Setup", "Docker.Developer.Tools.Setup\Docker.Developer.Tools.Setup.wixproj", "{9AFE3537-BDB8-449E-B833-9A9C69234E12}"
EndProject
Global
	GlobalSection(SolutionConfigurationPlatforms) = preSolution
		Debug|Any CPU = Debug|Any CPU
		Debug|x64 = Debug|x64
		Debug|x86 = Debug|x86
		NightlyBuild|Any CPU = NightlyBuild|Any CPU
		NightlyBuild|x64 = NightlyBuild|x64
		NightlyBuild|x86 = NightlyBuild|x86
		Release|Any CPU = Release|Any CPU
		Release|x64 = Release|x64
		Release|x86 = Release|x86
		Staging|Any CPU = Staging|Any CPU
		Staging|x64 = Staging|x64
		Staging|x86 = Staging|x86
		Test1|Any CPU = Test1|Any CPU
		Test1|x64 = Test1|x64
		Test1|x86 = Test1|x86
		TestEkstern|Any CPU = TestEkstern|Any CPU
		TestEkstern|x64 = TestEkstern|x64
		TestEkstern|x86 = TestEkstern|x86
		TestIntern|Any CPU = TestIntern|Any CPU
		TestIntern|x64 = TestIntern|x64
		TestIntern|x86 = TestIntern|x86
		TNI-3|Any CPU = TNI-3|Any CPU
		TNI-3|x64 = TNI-3|x64
		TNI-3|x86 = TNI-3|x86
		Udvikling|Any CPU = Udvikling|Any CPU
		Udvikling|x64 = Udvikling|x64
		Udvikling|x86 = Udvikling|x86
	EndGlobalSection
	GlobalSection(ProjectConfigurationPlatforms) = postSolution
		{0B9CF2F3-DAF1-4477-85E0-F15F5E1CFFF7}.Debug|Any CPU.ActiveCfg = Debug|Any CPU
		{0B9CF2F3-DAF1-4477-85E0-F15F5E1CFFF7}.Debug|Any CPU.Build.0 = Debug|Any CPU
		{0B9CF2F3-DAF1-4477-85E0-F15F5E1CFFF7}.Debug|x64.ActiveCfg = Debug|Any CPU
		{0B9CF2F3-DAF1-4477-85E0-F15F5E1CFFF7}.Debug|x64.Build.0 = Debug|Any CPU
		{0B9CF2F3-DAF1-4477-85E0-F15F5E1CFFF7}.Debug|x86.ActiveCfg = Debug|Any CPU
		{0B9CF2F3-DAF1-4477-85E0-F15F5E1CFFF7}.Debug|x86.Build.0 = Debug|Any CPU
		{0B9CF2F3-DAF1-4477-85E0-F15F5E1CFFF7}.NightlyBuild|Any CPU.ActiveCfg = Release|Any CPU
		{0B9CF2F3-DAF1-4477-85E0-F15F5E1CFFF7}.NightlyBuild|Any CPU.Build.0 = Release|Any CPU
		{0B9CF2F3-DAF1-4477-85E0-F15F5E1CFFF7}.NightlyBuild|x64.ActiveCfg = Release|Any CPU
		{0B9CF2F3-DAF1-4477-85E0-F15F5E1CFFF7}.NightlyBuild|x64.Build.0 = Release|Any CPU
		{0B9CF2F3-DAF1-4477-85E0-F15F5E1CFFF7}.NightlyBuild|x86.ActiveCfg = Release|Any CPU
		{0B9CF2F3-DAF1-4477-85E0-F15F5E1CFFF7}.NightlyBuild|x86.Build.0 = Release|Any CPU
		{0B9CF2F3-DAF1-4477-85E0-F15F5E1CFFF7}.Release|Any CPU.ActiveCfg = Release|Any CPU
		{0B9CF2F3-DAF1-4477-85E0-F15F5E1CFFF7}.Release|Any CPU.Build.0 = Release|Any CPU
		{0B9CF2F3-DAF1-4477-85E0-F15F5E1CFFF7}.Release|x64.ActiveCfg = Release|Any CPU
		{0B9CF2F3-DAF1-4477-85E0-F15F5E1CFFF7}.Release|x64.Build.0 = Release|Any CPU
		{0B9CF2F3-DAF1-4477-85E0-F15F5E1CFFF7}.Release|x86.ActiveCfg = Release|Any CPU
		{0B9CF2F3-DAF1-4477-85E0-F15F5E1CFFF7}.Release|x86.Build.0 = Release|Any CPU
		{0B9CF2F3-DAF1-4477-85E0-F15F5E1CFFF7}.Staging|Any CPU.ActiveCfg = Release|Any CPU
		{0B9CF2F3-DAF1-4477-85E0-F15F5E1CFFF7}.Staging|Any CPU.Build.0 = Release|Any CPU
		{0B9CF2F3-DAF1-4477-85E0-F15F5E1CFFF7}.Staging|x64.ActiveCfg = Release|Any CPU
		{0B9CF2F3-DAF1-4477-85E0-F15F5E1CFFF7}.Staging|x64.Build.0 = Release|Any CPU
		{0B9CF2F3-DAF1-4477-85E0-F15F5E1CFFF7}.Staging|x86.ActiveCfg = Release|Any CPU
		{0B9CF2F3-DAF1-4477-85E0-F15F5E1CFFF7}.Staging|x86.Build.0 = Release|Any CPU
		{0B9CF2F3-DAF1-4477-85E0-F15F5E1CFFF7}.Test1|Any CPU.ActiveCfg = Release|Any CPU
		{0B9CF2F3-DAF1-4477-85E0-F15F5E1CFFF7}.Test1|Any CPU.Build.0 = Release|Any CPU
		{0B9CF2F3-DAF1-4477-85E0-F15F5E1CFFF7}.Test1|x64.ActiveCfg = Release|Any CPU
		{0B9CF2F3-DAF1-4477-85E0-F15F5E1CFFF7}.Test1|x64.Build.0 = Release|Any CPU
		{0B9CF2F3-DAF1-4477-85E0-F15F5E1CFFF7}.Test1|x86.ActiveCfg = Release|Any CPU
		{0B9CF2F3-DAF1-4477-85E0-F15F5E1CFFF7}.Test1|x86.Build.0 = Release|Any CPU
		{0B9CF2F3-DAF1-4477-85E0-F15F5E1CFFF7}.TestEkstern|Any CPU.ActiveCfg = Release|Any CPU
		{0B9CF2F3-DAF1-4477-85E0-F15F5E1CFFF7}.TestEkstern|Any CPU.Build.0 = Release|Any CPU
		{0B9CF2F3-DAF1-4477-85E0-F15F5E1CFFF7}.TestEkstern|x64.ActiveCfg = Release|Any CPU
		{0B9CF2F3-DAF1-4477-85E0-F15F5E1CFFF7}.TestEkstern|x64.Build.0 = Release|Any CPU
		{0B9CF2F3-DAF1-4477-85E0-F15F5E1CFFF7}.TestEkstern|x86.ActiveCfg = Release|Any CPU
		{0B9CF2F3-DAF1-4477-85E0-F15F5E1CFFF7}.TestEkstern|x86.Build.0 = Release|Any CPU
		{0B9CF2F3-DAF1-4477-85E0-F15F5E1CFFF7}.TestIntern|Any CPU.ActiveCfg = Release|Any CPU
		{0B9CF2F3-DAF1-4477-85E0-F15F5E1CFFF7}.TestIntern|Any CPU.Build.0 = Release|Any CPU
		{0B9CF2F3-DAF1-4477-85E0-F15F5E1CFFF7}.TestIntern|x64.ActiveCfg = Release|Any CPU
		{0B9CF2F3-DAF1-4477-85E0-F15F5E1CFFF7}.TestIntern|x64.Build.0 = Release|Any CPU
		{0B9CF2F3-DAF1-4477-85E0-F15F5E1CFFF7}.TestIntern|x86.ActiveCfg = Release|Any CPU
		{0B9CF2F3-DAF1-4477-85E0-F15F5E1CFFF7}.TestIntern|x86.Build.0 = Release|Any CPU
		{0B9CF2F3-DAF1-4477-85E0-F15F5E1CFFF7}.TNI-3|Any CPU.ActiveCfg = Release|Any CPU
		{0B9CF2F3-DAF1-4477-85E0-F15F5E1CFFF7}.TNI-3|Any CPU.Build.0 = Release|Any CPU
		{0B9CF2F3-DAF1-4477-85E0-F15F5E1CFFF7}.TNI-3|x64.ActiveCfg = Release|Any CPU
		{0B9CF2F3-DAF1-4477-85E0-F15F5E1CFFF7}.TNI-3|x64.Build.0 = Release|Any CPU
		{0B9CF2F3-DAF1-4477-85E0-F15F5E1CFFF7}.TNI-3|x86.ActiveCfg = Release|Any CPU
		{0B9CF2F3-DAF1-4477-85E0-F15F5E1CFFF7}.TNI-3|x86.Build.0 = Release|Any CPU
		{0B9CF2F3-DAF1-4477-85E0-F15F5E1CFFF7}.Udvikling|Any CPU.ActiveCfg = Release|Any CPU
		{0B9CF2F3-DAF1-4477-85E0-F15F5E1CFFF7}.Udvikling|Any CPU.Build.0 = Release|Any CPU
		{0B9CF2F3-DAF1-4477-85E0-F15F5E1CFFF7}.Udvikling|x64.ActiveCfg = Release|Any CPU
		{0B9CF2F3-DAF1-4477-85E0-F15F5E1CFFF7}.Udvikling|x64.Build.0 = Release|Any CPU
		{0B9CF2F3-DAF1-4477-85E0-F15F5E1CFFF7}.Udvikling|x86.ActiveCfg = Release|Any CPU
		{0B9CF2F3-DAF1-4477-85E0-F15F5E1CFFF7}.Udvikling|x86.Build.0 = Release|Any CPU
		{9AFE3537-BDB8-449E-B833-9A9C69234E12}.Debug|Any CPU.ActiveCfg = Debug|x86
		{9AFE3537-BDB8-449E-B833-9A9C69234E12}.Debug|x64.ActiveCfg = Debug|x64
		{9AFE3537-BDB8-449E-B833-9A9C69234E12}.Debug|x64.Build.0 = Debug|x64
		{9AFE3537-BDB8-449E-B833-9A9C69234E12}.Debug|x86.ActiveCfg = Debug|x86
		{9AFE3537-BDB8-449E-B833-9A9C69234E12}.Debug|x86.Build.0 = Debug|x86
		{9AFE3537-BDB8-449E-B833-9A9C69234E12}.NightlyBuild|Any CPU.ActiveCfg = Release|x64
		{9AFE3537-BDB8-449E-B833-9A9C69234E12}.NightlyBuild|Any CPU.Build.0 = Release|x64
		{9AFE3537-BDB8-449E-B833-9A9C69234E12}.NightlyBuild|x64.ActiveCfg = Release|x64
		{9AFE3537-BDB8-449E-B833-9A9C69234E12}.NightlyBuild|x64.Build.0 = Release|x64
		{9AFE3537-BDB8-449E-B833-9A9C69234E12}.NightlyBuild|x86.ActiveCfg = Release|x86
		{9AFE3537-BDB8-449E-B833-9A9C69234E12}.NightlyBuild|x86.Build.0 = Release|x86
		{9AFE3537-BDB8-449E-B833-9A9C69234E12}.Release|Any CPU.ActiveCfg = Release|x86
		{9AFE3537-BDB8-449E-B833-9A9C69234E12}.Release|x64.ActiveCfg = Release|x64
		{9AFE3537-BDB8-449E-B833-9A9C69234E12}.Release|x64.Build.0 = Release|x64
		{9AFE3537-BDB8-449E-B833-9A9C69234E12}.Release|x86.ActiveCfg = Release|x86
		{9AFE3537-BDB8-449E-B833-9A9C69234E12}.Release|x86.Build.0 = Release|x86
		{9AFE3537-BDB8-449E-B833-9A9C69234E12}.Staging|Any CPU.ActiveCfg = Release|x64
		{9AFE3537-BDB8-449E-B833-9A9C69234E12}.Staging|Any CPU.Build.0 = Release|x64
		{9AFE3537-BDB8-449E-B833-9A9C69234E12}.Staging|x64.ActiveCfg = Release|x64
		{9AFE3537-BDB8-449E-B833-9A9C69234E12}.Staging|x64.Build.0 = Release|x64
		{9AFE3537-BDB8-449E-B833-9A9C69234E12}.Staging|x86.ActiveCfg = Release|x86
		{9AFE3537-BDB8-449E-B833-9A9C69234E12}.Staging|x86.Build.0 = Release|x86
		{9AFE3537-BDB8-449E-B833-9A9C69234E12}.Test1|Any CPU.ActiveCfg = Release|x64
		{9AFE3537-BDB8-449E-B833-9A9C69234E12}.Test1|Any CPU.Build.0 = Release|x64
		{9AFE3537-BDB8-449E-B833-9A9C69234E12}.Test1|x64.ActiveCfg = Release|x64
		{9AFE3537-BDB8-449E-B833-9A9C69234E12}.Test1|x64.Build.0 = Release|x64
		{9AFE3537-BDB8-449E-B833-9A9C69234E12}.Test1|x86.ActiveCfg = Release|x86
		{9AFE3537-BDB8-449E-B833-9A9C69234E12}.Test1|x86.Build.0 = Release|x86
		{9AFE3537-BDB8-449E-B833-9A9C69234E12}.TestEkstern|Any CPU.ActiveCfg = Release|x64
		{9AFE3537-BDB8-449E-B833-9A9C69234E12}.TestEkstern|Any CPU.Build.0 = Release|x64
		{9AFE3537-BDB8-449E-B833-9A9C69234E12}.TestEkstern|x64.ActiveCfg = Release|x64
		{9AFE3537-BDB8-449E-B833-9A9C69234E12}.TestEkstern|x64.Build.0 = Release|x64
		{9AFE3537-BDB8-449E-B833-9A9C69234E12}.TestEkstern|x86.ActiveCfg = Release|x86
		{9AFE3537-BDB8-449E-B833-9A9C69234E12}.TestEkstern|x86.Build.0 = Release|x86
		{9AFE3537-BDB8-449E-B833-9A9C69234E12}.TestIntern|Any CPU.ActiveCfg = Release|x64
		{9AFE3537-BDB8-449E-B833-9A9C69234E12}.TestIntern|Any CPU.Build.0 = Release|x64
		{9AFE3537-BDB8-449E-B833-9A9C69234E12}.TestIntern|x64.ActiveCfg = Release|x64
		{9AFE3537-BDB8-449E-B833-9A9C69234E12}.TestIntern|x64.Build.0 = Release|x64
		{9AFE3537-BDB8-449E-B833-9A9C69234E12}.TestIntern|x86.ActiveCfg = Release|x86
		{9AFE3537-BDB8-449E-B833-9A9C69234E12}.TestIntern|x86.Build.0 = Release|x86
		{9AFE3537-BDB8-449E-B833-9A9C69234E12}.TNI-3|Any CPU.ActiveCfg = Release|x64
		{9AFE3537-BDB8-449E-B833-9A9C69234E12}.TNI-3|Any CPU.Build.0 = Release|x64
		{9AFE3537-BDB8-449E-B833-9A9C69234E12}.TNI-3|x64.ActiveCfg = Release|x64
		{9AFE3537-BDB8-449E-B833-9A9C69234E12}.TNI-3|x64.Build.0 = Release|x64
		{9AFE3537-BDB8-449E-B833-9A9C69234E12}.TNI-3|x86.ActiveCfg = Release|x86
		{9AFE3537-BDB8-449E-B833-9A9C69234E12}.TNI-3|x86.Build.0 = Release|x86
		{9AFE3537-BDB8-449E-B833-9A9C69234E12}.Udvikling|Any CPU.ActiveCfg = Release|x64
		{9AFE3537-BDB8-449E-B833-9A9C69234E12}.Udvikling|Any CPU.Build.0 = Release|x64
		{9AFE3537-BDB8-449E-B833-9A9C69234E12}.Udvikling|x64.ActiveCfg = Release|x64
		{9AFE3537-BDB8-449E-B833-9A9C69234E12}.Udvikling|x64.Build.0 = Release|x64
		{9AFE3537-BDB8-449E-B833-9A9C69234E12}.Udvikling|x86.ActiveCfg = Release|x86
		{9AFE3537-BDB8-449E-B833-9A9C69234E12}.Udvikling|x86.Build.0 = Release|x86
	EndGlobalSection
	GlobalSection(SolutionProperties) = preSolution
		HideSolutionNode = FALSE
	EndGlobalSection
	GlobalSection(ExtensibilityGlobals) = postSolution
		SolutionGuid = {E46C7F87-A45E-45A3-AAF2-A4C93EAB6F29}
	EndGlobalSection
EndGlobal
